
Microsoft Visual Studio Solution File, Format Version 12.00
# Visual Studio Version 17
VisualStudioVersion = 17.5.33516.290
MinimumVisualStudioVersion = 10.0.40219.1
Project("{FAE04EC0-301F-11D3-BF4B-00C04F79EFBC}") = "Ejemplo06.Android", "Ejemplo06\Ejemplo06.Android\Ejemplo06.Android.csproj", "{B62FBB81-A175-4A69-A295-08D144AA4310}"
EndProject
Project("{FAE04EC0-301F-11D3-BF4B-00C04F79EFBC}") = "Ejemplo06.iOS", "Ejemplo06\Ejemplo06.iOS\Ejemplo06.iOS.csproj", "{6157FDDF-232B-4E51-907A-03E69BFD3083}"
EndProject
Project("{FAE04EC0-301F-11D3-BF4B-00C04F79EFBC}") = "Ejemplo06", "Ejemplo06\Ejemplo06\Ejemplo06.csproj", "{92ADD53D-5409-4EF0-8CA4-1321323A891D}"
EndProject
Global
	GlobalSection(SolutionConfigurationPlatforms) = preSolution
		Debug|Any CPU = Debug|Any CPU
		Debug|iPhone = Debug|iPhone
		Debug|iPhoneSimulator = Debug|iPhoneSimulator
		Release|Any CPU = Release|Any CPU
		Release|iPhone = Release|iPhone
		Release|iPhoneSimulator = Release|iPhoneSimulator
	EndGlobalSection
	GlobalSection(ProjectConfigurationPlatforms) = postSolution
		{B62FBB81-A175-4A69-A295-08D144AA4310}.Debug|Any CPU.ActiveCfg = Debug|Any CPU
		{B62FBB81-A175-4A69-A295-08D144AA4310}.Debug|Any CPU.Build.0 = Debug|Any CPU
		{B62FBB81-A175-4A69-A295-08D144AA4310}.Debug|Any CPU.Deploy.0 = Debug|Any CPU
		{B62FBB81-A175-4A69-A295-08D144AA4310}.Debug|iPhone.ActiveCfg = Debug|Any CPU
		{B62FBB81-A175-4A69-A295-08D144AA4310}.Debug|iPhone.Build.0 = Debug|Any CPU
		{B62FBB81-A175-4A69-A295-08D144AA4310}.Debug|iPhone.Deploy.0 = Debug|Any CPU
		{B62FBB81-A175-4A69-A295-08D144AA4310}.Debug|iPhoneSimulator.ActiveCfg = Debug|Any CPU
		{B62FBB81-A175-4A69-A295-08D144AA4310}.Debug|iPhoneSimulator.Build.0 = Debug|Any CPU
		{B62FBB81-A175-4A69-A295-08D144AA4310}.Debug|iPhoneSimulator.Deploy.0 = Debug|Any CPU
		{B62FBB81-A175-4A69-A295-08D144AA4310}.Release|Any CPU.ActiveCfg = Release|Any CPU
		{B62FBB81-A175-4A69-A295-08D144AA4310}.Release|Any CPU.Build.0 = Release|Any CPU
		{B62FBB81-A175-4A69-A295-08D144AA4310}.Release|Any CPU.Deploy.0 = Release|Any CPU
		{B62FBB81-A175-4A69-A295-08D144AA4310}.Release|iPhone.ActiveCfg = Release|Any CPU
		{B62FBB81-A175-4A69-A295-08D144AA4310}.Release|iPhone.Build.0 = Release|Any CPU
		{B62FBB81-A175-4A69-A295-08D144AA4310}.Release|iPhone.Deploy.0 = Release|Any CPU
		{B62FBB81-A175-4A69-A295-08D144AA4310}.Release|iPhoneSimulator.ActiveCfg = Release|Any CPU
		{B62FBB81-A175-4A69-A295-08D144AA4310}.Release|iPhoneSimulator.Build.0 = Release|Any CPU
		{B62FBB81-A175-4A69-A295-08D144AA4310}.Release|iPhoneSimulator.Deploy.0 = Release|Any CPU
		{6157FDDF-232B-4E51-907A-03E69BFD3083}.Debug|Any CPU.ActiveCfg = Debug|iPhone
		{6157FDDF-232B-4E51-907A-03E69BFD3083}.Debug|Any CPU.Build.0 = Debug|iPhone
		{6157FDDF-232B-4E51-907A-03E69BFD3083}.Debug|Any CPU.Deploy.0 = Debug|iPhone
		{6157FDDF-232B-4E51-907A-03E69BFD3083}.Debug|iPhone.ActiveCfg = Debug|iPhone
		{6157FDDF-232B-4E51-907A-03E69BFD3083}.Debug|iPhone.Build.0 = Debug|iPhone
		{6157FDDF-232B-4E51-907A-03E69BFD3083}.Debug|iPhone.Deploy.0 = Debug|iPhone
		{6157FDDF-232B-4E51-907A-03E69BFD3083}.Debug|iPhoneSimulator.ActiveCfg = Debug|iPhoneSimulator
		{6157FDDF-232B-4E51-907A-03E69BFD3083}.Debug|iPhoneSimulator.Build.0 = Debug|iPhoneSimulator
		{6157FDDF-232B-4E51-907A-03E69BFD3083}.Debug|iPhoneSimulator.Deploy.0 = Debug|iPhoneSimulator
		{6157FDDF-232B-4E51-907A-03E69BFD3083}.Release|Any CPU.ActiveCfg = Release|iPhoneSimulator
		{6157FDDF-232B-4E51-907A-03E69BFD3083}.Release|Any CPU.Build.0 = Release|iPhoneSimulator
		{6157FDDF-232B-4E51-907A-03E69BFD3083}.Release|Any CPU.Deploy.0 = Release|iPhoneSimulator
		{6157FDDF-232B-4E51-907A-03E69BFD3083}.Release|iPhone.ActiveCfg = Release|iPhone
		{6157FDDF-232B-4E51-907A-03E69BFD3083}.Release|iPhone.Build.0 = Release|iPhone
		{6157FDDF-232B-4E51-907A-03E69BFD3083}.Release|iPhone.Deploy.0 = Release|iPhone
		{6157FDDF-232B-4E51-907A-03E69BFD3083}.Release|iPhoneSimulator.ActiveCfg = Release|iPhoneSimulator
		{6157FDDF-232B-4E51-907A-03E69BFD3083}.Release|iPhoneSimulator.Build.0 = Release|iPhoneSimulator
		{6157FDDF-232B-4E51-907A-03E69BFD3083}.Release|iPhoneSimulator.Deploy.0 = Release|iPhoneSimulator
		{92ADD53D-5409-4EF0-8CA4-1321323A891D}.Debug|Any CPU.ActiveCfg = Debug|Any CPU
		{92ADD53D-5409-4EF0-8CA4-1321323A891D}.Debug|Any CPU.Build.0 = Debug|Any CPU
		{92ADD53D-5409-4EF0-8CA4-1321323A891D}.Debug|Any CPU.Deploy.0 = Debug|Any CPU
		{92ADD53D-5409-4EF0-8CA4-1321323A891D}.Debug|iPhone.ActiveCfg = Debug|Any CPU
		{92ADD53D-5409-4EF0-8CA4-1321323A891D}.Debug|iPhone.Build.0 = Debug|Any CPU
		{92ADD53D-5409-4EF0-8CA4-1321323A891D}.Debug|iPhone.Deploy.0 = Debug|Any CPU
		{92ADD53D-5409-4EF0-8CA4-1321323A891D}.Debug|iPhoneSimulator.ActiveCfg = Debug|Any CPU
		{92ADD53D-5409-4EF0-8CA4-1321323A891D}.Debug|iPhoneSimulator.Build.0 = Debug|Any CPU
		{92ADD53D-5409-4EF0-8CA4-1321323A891D}.Debug|iPhoneSimulator.Deploy.0 = Debug|Any CPU
		{92ADD53D-5409-4EF0-8CA4-1321323A891D}.Release|Any CPU.ActiveCfg = Release|Any CPU
		{92ADD53D-5409-4EF0-8CA4-1321323A891D}.Release|Any CPU.Build.0 = Release|Any CPU
		{92ADD53D-5409-4EF0-8CA4-1321323A891D}.Release|Any CPU.Deploy.0 = Release|Any CPU
		{92ADD53D-5409-4EF0-8CA4-1321323A891D}.Release|iPhone.ActiveCfg = Release|Any CPU
		{92ADD53D-5409-4EF0-8CA4-1321323A891D}.Release|iPhone.Build.0 = Release|Any CPU
		{92ADD53D-5409-4EF0-8CA4-1321323A891D}.Release|iPhone.Deploy.0 = Release|Any CPU
		{92ADD53D-5409-4EF0-8CA4-1321323A891D}.Release|iPhoneSimulator.ActiveCfg = Release|Any CPU
		{92ADD53D-5409-4EF0-8CA4-1321323A891D}.Release|iPhoneSimulator.Build.0 = Release|Any CPU
		{92ADD53D-5409-4EF0-8CA4-1321323A891D}.Release|iPhoneSimulator.Deploy.0 = Release|Any CPU
	EndGlobalSection
	GlobalSection(SolutionProperties) = preSolution
		HideSolutionNode = FALSE
	EndGlobalSection
	GlobalSection(ExtensibilityGlobals) = postSolution
		SolutionGuid = {CD5F7FF8-421F-45A1-8012-BD0C49F9EE81}
	EndGlobalSection
EndGlobal
